// !$*UTF8*$!
{
	archiveVersion = 1;
	classes = {
	};
	objectVersion = 50;
	objects = {

/* Begin PBXBuildFile section */
		5B18CAB02010996823883A90 /* Pods_NXSSocialManagers.framework in Frameworks */ = {isa = PBXBuildFile; fileRef = 10DEBFA34BBDD849FC084D9F /* Pods_NXSSocialManagers.framework */; };
		AF06CE3723E561110051ABFD /* AppDelegate.swift in Sources */ = {isa = PBXBuildFile; fileRef = AF06CE3623E561110051ABFD /* AppDelegate.swift */; };
		AF06CE3B23E561110051ABFD /* MainViewController.swift in Sources */ = {isa = PBXBuildFile; fileRef = AF06CE3A23E561110051ABFD /* MainViewController.swift */; };
		AF06CE3E23E561110051ABFD /* Main.storyboard in Resources */ = {isa = PBXBuildFile; fileRef = AF06CE3C23E561110051ABFD /* Main.storyboard */; };
		AF06CE4023E561160051ABFD /* Assets.xcassets in Resources */ = {isa = PBXBuildFile; fileRef = AF06CE3F23E561160051ABFD /* Assets.xcassets */; };
		AF06CE4323E561160051ABFD /* LaunchScreen.storyboard in Resources */ = {isa = PBXBuildFile; fileRef = AF06CE4123E561160051ABFD /* LaunchScreen.storyboard */; };
		AF06CE4C23E5619E0051ABFD /* SocialUserInfo.swift in Sources */ = {isa = PBXBuildFile; fileRef = AF06CE4B23E5619E0051ABFD /* SocialUserInfo.swift */; };
		AF06CE4E23E561BF0051ABFD /* NXSFbManager.swift in Sources */ = {isa = PBXBuildFile; fileRef = AF06CE4D23E561BF0051ABFD /* NXSFbManager.swift */; };
		AF06CE5023E561D70051ABFD /* README in Resources */ = {isa = PBXBuildFile; fileRef = AF06CE4F23E561D70051ABFD /* README */; };
		AF06CE5223E564C10051ABFD /* NXSGoogleManager.swift in Sources */ = {isa = PBXBuildFile; fileRef = AF06CE5123E564C10051ABFD /* NXSGoogleManager.swift */; };
		AF06CE6523E5B3010051ABFD /* GoogleViewController.swift in Sources */ = {isa = PBXBuildFile; fileRef = AF06CE6323E5B3010051ABFD /* GoogleViewController.swift */; };
		AF06CE6623E5B3010051ABFD /* FacebookViewController.swift in Sources */ = {isa = PBXBuildFile; fileRef = AF06CE6423E5B3010051ABFD /* FacebookViewController.swift */; };
		AF06CE6F23E5C0510051ABFD /* Facebook_1.png in Resources */ = {isa = PBXBuildFile; fileRef = AF06CE6A23E5C0500051ABFD /* Facebook_1.png */; };
		AF06CE7023E5C0510051ABFD /* Facebook_2.png in Resources */ = {isa = PBXBuildFile; fileRef = AF06CE6B23E5C0500051ABFD /* Facebook_2.png */; };
		AF06CE7123E5C0510051ABFD /* Facebook_3.png in Resources */ = {isa = PBXBuildFile; fileRef = AF06CE6C23E5C0500051ABFD /* Facebook_3.png */; };
		AF06CE7223E5C0510051ABFD /* Facebook_5.png in Resources */ = {isa = PBXBuildFile; fileRef = AF06CE6D23E5C0510051ABFD /* Facebook_5.png */; };
		AF06CE7323E5C0510051ABFD /* Facebook_4.png in Resources */ = {isa = PBXBuildFile; fileRef = AF06CE6E23E5C0510051ABFD /* Facebook_4.png */; };
		AF06CE7B23E5C0650051ABFD /* Google_1.png in Resources */ = {isa = PBXBuildFile; fileRef = AF06CE7423E5C0650051ABFD /* Google_1.png */; };
		AF06CE7C23E5C0650051ABFD /* Google_2.png in Resources */ = {isa = PBXBuildFile; fileRef = AF06CE7523E5C0650051ABFD /* Google_2.png */; };
		AF06CE7D23E5C0650051ABFD /* Google_6.png in Resources */ = {isa = PBXBuildFile; fileRef = AF06CE7623E5C0650051ABFD /* Google_6.png */; };
		AF06CE7E23E5C0650051ABFD /* Google_3.png in Resources */ = {isa = PBXBuildFile; fileRef = AF06CE7723E5C0650051ABFD /* Google_3.png */; };
		AF06CE7F23E5C0650051ABFD /* Google_7.png in Resources */ = {isa = PBXBuildFile; fileRef = AF06CE7823E5C0650051ABFD /* Google_7.png */; };
		AF06CE8023E5C0650051ABFD /* Google_4.png in Resources */ = {isa = PBXBuildFile; fileRef = AF06CE7923E5C0650051ABFD /* Google_4.png */; };
		AF06CE8123E5C0650051ABFD /* Google_5.png in Resources */ = {isa = PBXBuildFile; fileRef = AF06CE7A23E5C0650051ABFD /* Google_5.png */; };
		AF06CE8323E67AFE0051ABFD /* Facebook_6.png in Resources */ = {isa = PBXBuildFile; fileRef = AF06CE8223E67AFE0051ABFD /* Facebook_6.png */; };
		AF06CE8523E67C6B0051ABFD /* Facebook_7.png in Resources */ = {isa = PBXBuildFile; fileRef = AF06CE8423E67C6B0051ABFD /* Facebook_7.png */; };
		AFFFB2F524338BD700C88411 /* NXSSocialManagerUtility.swift in Sources */ = {isa = PBXBuildFile; fileRef = AFFFB2F424338BD700C88411 /* NXSSocialManagerUtility.swift */; };
		AFFFB2F724338C1200C88411 /* NXSAppleSignInManager.swift in Sources */ = {isa = PBXBuildFile; fileRef = AFFFB2F624338C1200C88411 /* NXSAppleSignInManager.swift */; };
		AFFFB2F924338E8100C88411 /* AppleViewController.swift in Sources */ = {isa = PBXBuildFile; fileRef = AFFFB2F824338E8100C88411 /* AppleViewController.swift */; };
		AFFFB2FB2433972000C88411 /* NXSKeychainManager.swift in Sources */ = {isa = PBXBuildFile; fileRef = AFFFB2FA2433972000C88411 /* NXSKeychainManager.swift */; };
/* End PBXBuildFile section */

/* Begin PBXFileReference section */
		10DEBFA34BBDD849FC084D9F /* Pods_NXSSocialManagers.framework */ = {isa = PBXFileReference; explicitFileType = wrapper.framework; includeInIndex = 0; path = Pods_NXSSocialManagers.framework; sourceTree = BUILT_PRODUCTS_DIR; };
		AF06CE3323E561110051ABFD /* NXSSocialManagers.app */ = {isa = PBXFileReference; explicitFileType = wrapper.application; includeInIndex = 0; path = NXSSocialManagers.app; sourceTree = BUILT_PRODUCTS_DIR; };
		AF06CE3623E561110051ABFD /* AppDelegate.swift */ = {isa = PBXFileReference; lastKnownFileType = sourcecode.swift; path = AppDelegate.swift; sourceTree = "<group>"; };
		AF06CE3A23E561110051ABFD /* MainViewController.swift */ = {isa = PBXFileReference; lastKnownFileType = sourcecode.swift; path = MainViewController.swift; sourceTree = "<group>"; };
		AF06CE3D23E561110051ABFD /* Base */ = {isa = PBXFileReference; lastKnownFileType = file.storyboard; name = Base; path = Base.lproj/Main.storyboard; sourceTree = "<group>"; };
		AF06CE3F23E561160051ABFD /* Assets.xcassets */ = {isa = PBXFileReference; lastKnownFileType = folder.assetcatalog; path = Assets.xcassets; sourceTree = "<group>"; };
		AF06CE4223E561160051ABFD /* Base */ = {isa = PBXFileReference; lastKnownFileType = file.storyboard; name = Base; path = Base.lproj/LaunchScreen.storyboard; sourceTree = "<group>"; };
		AF06CE4423E561160051ABFD /* Info.plist */ = {isa = PBXFileReference; lastKnownFileType = text.plist.xml; path = Info.plist; sourceTree = "<group>"; };
		AF06CE4B23E5619E0051ABFD /* SocialUserInfo.swift */ = {isa = PBXFileReference; lastKnownFileType = sourcecode.swift; path = SocialUserInfo.swift; sourceTree = "<group>"; };
		AF06CE4D23E561BF0051ABFD /* NXSFbManager.swift */ = {isa = PBXFileReference; lastKnownFileType = sourcecode.swift; path = NXSFbManager.swift; sourceTree = "<group>"; };
		AF06CE4F23E561D70051ABFD /* README */ = {isa = PBXFileReference; lastKnownFileType = text; path = README; sourceTree = "<group>"; };
		AF06CE5123E564C10051ABFD /* NXSGoogleManager.swift */ = {isa = PBXFileReference; lastKnownFileType = sourcecode.swift; path = NXSGoogleManager.swift; sourceTree = "<group>"; };
		AF06CE6323E5B3010051ABFD /* GoogleViewController.swift */ = {isa = PBXFileReference; fileEncoding = 4; lastKnownFileType = sourcecode.swift; path = GoogleViewController.swift; sourceTree = "<group>"; };
		AF06CE6423E5B3010051ABFD /* FacebookViewController.swift */ = {isa = PBXFileReference; fileEncoding = 4; lastKnownFileType = sourcecode.swift; path = FacebookViewController.swift; sourceTree = "<group>"; };
		AF06CE6A23E5C0500051ABFD /* Facebook_1.png */ = {isa = PBXFileReference; lastKnownFileType = image.png; path = Facebook_1.png; sourceTree = "<group>"; };
		AF06CE6B23E5C0500051ABFD /* Facebook_2.png */ = {isa = PBXFileReference; lastKnownFileType = image.png; path = Facebook_2.png; sourceTree = "<group>"; };
		AF06CE6C23E5C0500051ABFD /* Facebook_3.png */ = {isa = PBXFileReference; lastKnownFileType = image.png; path = Facebook_3.png; sourceTree = "<group>"; };
		AF06CE6D23E5C0510051ABFD /* Facebook_5.png */ = {isa = PBXFileReference; lastKnownFileType = image.png; path = Facebook_5.png; sourceTree = "<group>"; };
		AF06CE6E23E5C0510051ABFD /* Facebook_4.png */ = {isa = PBXFileReference; lastKnownFileType = image.png; path = Facebook_4.png; sourceTree = "<group>"; };
		AF06CE7423E5C0650051ABFD /* Google_1.png */ = {isa = PBXFileReference; lastKnownFileType = image.png; path = Google_1.png; sourceTree = "<group>"; };
		AF06CE7523E5C0650051ABFD /* Google_2.png */ = {isa = PBXFileReference; lastKnownFileType = image.png; path = Google_2.png; sourceTree = "<group>"; };
		AF06CE7623E5C0650051ABFD /* Google_6.png */ = {isa = PBXFileReference; lastKnownFileType = image.png; path = Google_6.png; sourceTree = "<group>"; };
		AF06CE7723E5C0650051ABFD /* Google_3.png */ = {isa = PBXFileReference; lastKnownFileType = image.png; path = Google_3.png; sourceTree = "<group>"; };
		AF06CE7823E5C0650051ABFD /* Google_7.png */ = {isa = PBXFileReference; lastKnownFileType = image.png; path = Google_7.png; sourceTree = "<group>"; };
		AF06CE7923E5C0650051ABFD /* Google_4.png */ = {isa = PBXFileReference; lastKnownFileType = image.png; path = Google_4.png; sourceTree = "<group>"; };
		AF06CE7A23E5C0650051ABFD /* Google_5.png */ = {isa = PBXFileReference; lastKnownFileType = image.png; path = Google_5.png; sourceTree = "<group>"; };
		AF06CE8223E67AFE0051ABFD /* Facebook_6.png */ = {isa = PBXFileReference; lastKnownFileType = image.png; path = Facebook_6.png; sourceTree = "<group>"; };
		AF06CE8423E67C6B0051ABFD /* Facebook_7.png */ = {isa = PBXFileReference; lastKnownFileType = image.png; path = Facebook_7.png; sourceTree = "<group>"; };
		AFFFB2F424338BD700C88411 /* NXSSocialManagerUtility.swift */ = {isa = PBXFileReference; lastKnownFileType = sourcecode.swift; path = NXSSocialManagerUtility.swift; sourceTree = "<group>"; };
		AFFFB2F624338C1200C88411 /* NXSAppleSignInManager.swift */ = {isa = PBXFileReference; lastKnownFileType = sourcecode.swift; path = NXSAppleSignInManager.swift; sourceTree = "<group>"; };
		AFFFB2F824338E8100C88411 /* AppleViewController.swift */ = {isa = PBXFileReference; lastKnownFileType = sourcecode.swift; path = AppleViewController.swift; sourceTree = "<group>"; };
		AFFFB2FA2433972000C88411 /* NXSKeychainManager.swift */ = {isa = PBXFileReference; lastKnownFileType = sourcecode.swift; path = NXSKeychainManager.swift; sourceTree = "<group>"; };
		B377E09962942358102A2D02 /* Pods-NXSSocialManagers.release.xcconfig */ = {isa = PBXFileReference; includeInIndex = 1; lastKnownFileType = text.xcconfig; name = "Pods-NXSSocialManagers.release.xcconfig"; path = "Target Support Files/Pods-NXSSocialManagers/Pods-NXSSocialManagers.release.xcconfig"; sourceTree = "<group>"; };
		CDA95EEA30854FF498F7D6DB /* Pods-NXSSocialManagers.debug.xcconfig */ = {isa = PBXFileReference; includeInIndex = 1; lastKnownFileType = text.xcconfig; name = "Pods-NXSSocialManagers.debug.xcconfig"; path = "Target Support Files/Pods-NXSSocialManagers/Pods-NXSSocialManagers.debug.xcconfig"; sourceTree = "<group>"; };
/* End PBXFileReference section */

/* Begin PBXFrameworksBuildPhase section */
		AF06CE3023E561110051ABFD /* Frameworks */ = {
			isa = PBXFrameworksBuildPhase;
			buildActionMask = 2147483647;
			files = (
				5B18CAB02010996823883A90 /* Pods_NXSSocialManagers.framework in Frameworks */,
			);
			runOnlyForDeploymentPostprocessing = 0;
		};
/* End PBXFrameworksBuildPhase section */

/* Begin PBXGroup section */
		427A6C9C4043409C8B2711E1 /* Frameworks */ = {
			isa = PBXGroup;
			children = (
				10DEBFA34BBDD849FC084D9F /* Pods_NXSSocialManagers.framework */,
			);
			name = Frameworks;
			sourceTree = "<group>";
		};
		5E62FF12BB47A5E1738C881E /* Pods */ = {
			isa = PBXGroup;
			children = (
				CDA95EEA30854FF498F7D6DB /* Pods-NXSSocialManagers.debug.xcconfig */,
				B377E09962942358102A2D02 /* Pods-NXSSocialManagers.release.xcconfig */,
			);
			path = Pods;
			sourceTree = "<group>";
		};
		AF06CE2A23E561110051ABFD = {
			isa = PBXGroup;
			children = (
				AF06CE3523E561110051ABFD /* NXSSocialManagers */,
				AF06CE3423E561110051ABFD /* Products */,
				5E62FF12BB47A5E1738C881E /* Pods */,
				427A6C9C4043409C8B2711E1 /* Frameworks */,
			);
			sourceTree = "<group>";
		};
		AF06CE3423E561110051ABFD /* Products */ = {
			isa = PBXGroup;
			children = (
				AF06CE3323E561110051ABFD /* NXSSocialManagers.app */,
			);
			name = Products;
			sourceTree = "<group>";
		};
		AF06CE3523E561110051ABFD /* NXSSocialManagers */ = {
			isa = PBXGroup;
			children = (
				AF06CE3623E561110051ABFD /* AppDelegate.swift */,
				AF06CE3C23E561110051ABFD /* Main.storyboard */,
				AF06CE4123E561160051ABFD /* LaunchScreen.storyboard */,
				AF06CE5823E56F880051ABFD /* ViewControllers */,
				AF06CE4A23E561800051ABFD /* NXSSocialManagers */,
				AF06CE6723E5B89C0051ABFD /* Screenshots */,
				AF06CE3F23E561160051ABFD /* Assets.xcassets */,
				AF06CE4423E561160051ABFD /* Info.plist */,
			);
			path = NXSSocialManagers;
			sourceTree = "<group>";
		};
		AF06CE4A23E561800051ABFD /* NXSSocialManagers */ = {
			isa = PBXGroup;
			children = (
				AF06CE4B23E5619E0051ABFD /* SocialUserInfo.swift */,
				AF06CE4D23E561BF0051ABFD /* NXSFbManager.swift */,
				AF06CE5123E564C10051ABFD /* NXSGoogleManager.swift */,
				AF06CE4F23E561D70051ABFD /* README */,
				AFFFB2F424338BD700C88411 /* NXSSocialManagerUtility.swift */,
				AFFFB2F624338C1200C88411 /* NXSAppleSignInManager.swift */,
				AFFFB2FA2433972000C88411 /* NXSKeychainManager.swift */,
			);
			path = NXSSocialManagers;
			sourceTree = "<group>";
		};
		AF06CE5823E56F880051ABFD /* ViewControllers */ = {
			isa = PBXGroup;
			children = (
				AF06CE6423E5B3010051ABFD /* FacebookViewController.swift */,
				AF06CE6323E5B3010051ABFD /* GoogleViewController.swift */,
				AF06CE3A23E561110051ABFD /* MainViewController.swift */,
				AFFFB2F824338E8100C88411 /* AppleViewController.swift */,
			);
			path = ViewControllers;
			sourceTree = "<group>";
		};
		AF06CE6723E5B89C0051ABFD /* Screenshots */ = {
			isa = PBXGroup;
			children = (
				AF06CE6923E5C0360051ABFD /* Google */,
				AF06CE6823E5C02A0051ABFD /* Facebook */,
			);
			path = Screenshots;
			sourceTree = "<group>";
		};
		AF06CE6823E5C02A0051ABFD /* Facebook */ = {
			isa = PBXGroup;
			children = (
				AF06CE6A23E5C0500051ABFD /* Facebook_1.png */,
				AF06CE6B23E5C0500051ABFD /* Facebook_2.png */,
				AF06CE6C23E5C0500051ABFD /* Facebook_3.png */,
				AF06CE6E23E5C0510051ABFD /* Facebook_4.png */,
				AF06CE6D23E5C0510051ABFD /* Facebook_5.png */,
				AF06CE8423E67C6B0051ABFD /* Facebook_7.png */,
				AF06CE8223E67AFE0051ABFD /* Facebook_6.png */,
			);
			path = Facebook;
			sourceTree = "<group>";
		};
		AF06CE6923E5C0360051ABFD /* Google */ = {
			isa = PBXGroup;
			children = (
				AF06CE7423E5C0650051ABFD /* Google_1.png */,
				AF06CE7523E5C0650051ABFD /* Google_2.png */,
				AF06CE7723E5C0650051ABFD /* Google_3.png */,
				AF06CE7923E5C0650051ABFD /* Google_4.png */,
				AF06CE7A23E5C0650051ABFD /* Google_5.png */,
				AF06CE7623E5C0650051ABFD /* Google_6.png */,
				AF06CE7823E5C0650051ABFD /* Google_7.png */,
			);
			path = Google;
			sourceTree = "<group>";
		};
/* End PBXGroup section */

/* Begin PBXNativeTarget section */
		AF06CE3223E561110051ABFD /* NXSSocialManagers */ = {
			isa = PBXNativeTarget;
			buildConfigurationList = AF06CE4723E561160051ABFD /* Build configuration list for PBXNativeTarget "NXSSocialManagers" */;
			buildPhases = (
				E3E1FBB452C4B0BA20F4DDEC /* [CP] Check Pods Manifest.lock */,
				AF06CE2F23E561110051ABFD /* Sources */,
				AF06CE3023E561110051ABFD /* Frameworks */,
				AF06CE3123E561110051ABFD /* Resources */,
				44CB689FDDE61CFAE34097D8 /* [CP] Embed Pods Frameworks */,
				0636EE14469BAB83DD1882D9 /* [CP] Copy Pods Resources */,
			);
			buildRules = (
			);
			dependencies = (
			);
			name = NXSSocialManagers;
			productName = NXSSocialManagers;
			productReference = AF06CE3323E561110051ABFD /* NXSSocialManagers.app */;
			productType = "com.apple.product-type.application";
		};
/* End PBXNativeTarget section */

/* Begin PBXProject section */
		AF06CE2B23E561110051ABFD /* Project object */ = {
			isa = PBXProject;
			attributes = {
				LastSwiftUpdateCheck = 1130;
				LastUpgradeCheck = 1130;
				ORGANIZATIONNAME = "Naveen Sharma";
				TargetAttributes = {
					AF06CE3223E561110051ABFD = {
						CreatedOnToolsVersion = 11.3;
					};
				};
			};
			buildConfigurationList = AF06CE2E23E561110051ABFD /* Build configuration list for PBXProject "NXSSocialManagers" */;
			compatibilityVersion = "Xcode 9.3";
			developmentRegion = en;
			hasScannedForEncodings = 0;
			knownRegions = (
				en,
				Base,
			);
			mainGroup = AF06CE2A23E561110051ABFD;
			productRefGroup = AF06CE3423E561110051ABFD /* Products */;
			projectDirPath = "";
			projectRoot = "";
			targets = (
				AF06CE3223E561110051ABFD /* NXSSocialManagers */,
			);
		};
/* End PBXProject section */

/* Begin PBXResourcesBuildPhase section */
		AF06CE3123E561110051ABFD /* Resources */ = {
			isa = PBXResourcesBuildPhase;
			buildActionMask = 2147483647;
			files = (
				AF06CE8123E5C0650051ABFD /* Google_5.png in Resources */,
				AF06CE5023E561D70051ABFD /* README in Resources */,
				AF06CE4323E561160051ABFD /* LaunchScreen.storyboard in Resources */,
				AF06CE8523E67C6B0051ABFD /* Facebook_7.png in Resources */,
				AF06CE7023E5C0510051ABFD /* Facebook_2.png in Resources */,
				AF06CE7123E5C0510051ABFD /* Facebook_3.png in Resources */,
				AF06CE7F23E5C0650051ABFD /* Google_7.png in Resources */,
				AF06CE6F23E5C0510051ABFD /* Facebook_1.png in Resources */,
				AF06CE7D23E5C0650051ABFD /* Google_6.png in Resources */,
				AF06CE4023E561160051ABFD /* Assets.xcassets in Resources */,
				AF06CE8023E5C0650051ABFD /* Google_4.png in Resources */,
				AF06CE7323E5C0510051ABFD /* Facebook_4.png in Resources */,
				AF06CE3E23E561110051ABFD /* Main.storyboard in Resources */,
				AF06CE8323E67AFE0051ABFD /* Facebook_6.png in Resources */,
				AF06CE7E23E5C0650051ABFD /* Google_3.png in Resources */,
				AF06CE7B23E5C0650051ABFD /* Google_1.png in Resources */,
				AF06CE7C23E5C0650051ABFD /* Google_2.png in Resources */,
				AF06CE7223E5C0510051ABFD /* Facebook_5.png in Resources */,
			);
			runOnlyForDeploymentPostprocessing = 0;
		};
/* End PBXResourcesBuildPhase section */

/* Begin PBXShellScriptBuildPhase section */
		0636EE14469BAB83DD1882D9 /* [CP] Copy Pods Resources */ = {
			isa = PBXShellScriptBuildPhase;
			buildActionMask = 2147483647;
			files = (
			);
			inputFileListPaths = (
			);
			inputPaths = (
				"${PODS_ROOT}/Target Support Files/Pods-NXSSocialManagers/Pods-NXSSocialManagers-resources.sh",
				"${PODS_ROOT}/GoogleSignIn/Resources/GoogleSignIn.bundle",
			);
			name = "[CP] Copy Pods Resources";
			outputFileListPaths = (
			);
			outputPaths = (
				"${TARGET_BUILD_DIR}/${UNLOCALIZED_RESOURCES_FOLDER_PATH}/GoogleSignIn.bundle",
			);
			runOnlyForDeploymentPostprocessing = 0;
			shellPath = /bin/sh;
			shellScript = "\"${PODS_ROOT}/Target Support Files/Pods-NXSSocialManagers/Pods-NXSSocialManagers-resources.sh\"\n";
			showEnvVarsInLog = 0;
		};
		44CB689FDDE61CFAE34097D8 /* [CP] Embed Pods Frameworks */ = {
			isa = PBXShellScriptBuildPhase;
			buildActionMask = 2147483647;
			files = (
			);
			inputFileListPaths = (
			);
			inputPaths = (
				"${PODS_ROOT}/Target Support Files/Pods-NXSSocialManagers/Pods-NXSSocialManagers-frameworks.sh",
				"${BUILT_PRODUCTS_DIR}/AppAuth/AppAuth.framework",
				"${BUILT_PRODUCTS_DIR}/FBSDKCoreKit/FBSDKCoreKit.framework",
				"${BUILT_PRODUCTS_DIR}/FBSDKLoginKit/FBSDKLoginKit.framework",
				"${BUILT_PRODUCTS_DIR}/FBSDKShareKit/FBSDKShareKit.framework",
				"${BUILT_PRODUCTS_DIR}/GTMAppAuth/GTMAppAuth.framework",
				"${BUILT_PRODUCTS_DIR}/GTMSessionFetcher/GTMSessionFetcher.framework",
			);
			name = "[CP] Embed Pods Frameworks";
			outputFileListPaths = (
			);
			outputPaths = (
				"${TARGET_BUILD_DIR}/${FRAMEWORKS_FOLDER_PATH}/AppAuth.framework",
				"${TARGET_BUILD_DIR}/${FRAMEWORKS_FOLDER_PATH}/FBSDKCoreKit.framework",
				"${TARGET_BUILD_DIR}/${FRAMEWORKS_FOLDER_PATH}/FBSDKLoginKit.framework",
				"${TARGET_BUILD_DIR}/${FRAMEWORKS_FOLDER_PATH}/FBSDKShareKit.framework",
				"${TARGET_BUILD_DIR}/${FRAMEWORKS_FOLDER_PATH}/GTMAppAuth.framework",
				"${TARGET_BUILD_DIR}/${FRAMEWORKS_FOLDER_PATH}/GTMSessionFetcher.framework",
			);
			runOnlyForDeploymentPostprocessing = 0;
			shellPath = /bin/sh;
			shellScript = "\"${PODS_ROOT}/Target Support Files/Pods-NXSSocialManagers/Pods-NXSSocialManagers-frameworks.sh\"\n";
			showEnvVarsInLog = 0;
		};
		E3E1FBB452C4B0BA20F4DDEC /* [CP] Check Pods Manifest.lock */ = {
			isa = PBXShellScriptBuildPhase;
			buildActionMask = 2147483647;
			files = (
			);
			inputFileListPaths = (
			);
			inputPaths = (
				"${PODS_PODFILE_DIR_PATH}/Podfile.lock",
				"${PODS_ROOT}/Manifest.lock",
			);
			name = "[CP] Check Pods Manifest.lock";
			outputFileListPaths = (
			);
			outputPaths = (
				"$(DERIVED_FILE_DIR)/Pods-NXSSocialManagers-checkManifestLockResult.txt",
			);
			runOnlyForDeploymentPostprocessing = 0;
			shellPath = /bin/sh;
			shellScript = "diff \"${PODS_PODFILE_DIR_PATH}/Podfile.lock\" \"${PODS_ROOT}/Manifest.lock\" > /dev/null\nif [ $? != 0 ] ; then\n    # print error to STDERR\n    echo \"error: The sandbox is not in sync with the Podfile.lock. Run 'pod install' or update your CocoaPods installation.\" >&2\n    exit 1\nfi\n# This output is used by Xcode 'outputs' to avoid re-running this script phase.\necho \"SUCCESS\" > \"${SCRIPT_OUTPUT_FILE_0}\"\n";
			showEnvVarsInLog = 0;
		};
/* End PBXShellScriptBuildPhase section */

/* Begin PBXSourcesBuildPhase section */
		AF06CE2F23E561110051ABFD /* Sources */ = {
			isa = PBXSourcesBuildPhase;
			buildActionMask = 2147483647;
			files = (
				AF06CE5223E564C10051ABFD /* NXSGoogleManager.swift in Sources */,
				AFFFB2FB2433972000C88411 /* NXSKeychainManager.swift in Sources */,
				AF06CE3B23E561110051ABFD /* MainViewController.swift in Sources */,
				AFFFB2F724338C1200C88411 /* NXSAppleSignInManager.swift in Sources */,
				AF06CE6623E5B3010051ABFD /* FacebookViewController.swift in Sources */,
				AFFFB2F524338BD700C88411 /* NXSSocialManagerUtility.swift in Sources */,
				AF06CE4E23E561BF0051ABFD /* NXSFbManager.swift in Sources */,
				AF06CE4C23E5619E0051ABFD /* SocialUserInfo.swift in Sources */,
				AFFFB2F924338E8100C88411 /* AppleViewController.swift in Sources */,
				AF06CE3723E561110051ABFD /* AppDelegate.swift in Sources */,
				AF06CE6523E5B3010051ABFD /* GoogleViewController.swift in Sources */,
			);
			runOnlyForDeploymentPostprocessing = 0;
		};
/* End PBXSourcesBuildPhase section */

/* Begin PBXVariantGroup section */
		AF06CE3C23E561110051ABFD /* Main.storyboard */ = {
			isa = PBXVariantGroup;
			children = (
				AF06CE3D23E561110051ABFD /* Base */,
			);
			name = Main.storyboard;
			sourceTree = "<group>";
		};
		AF06CE4123E561160051ABFD /* LaunchScreen.storyboard */ = {
			isa = PBXVariantGroup;
			children = (
				AF06CE4223E561160051ABFD /* Base */,
			);
			name = LaunchScreen.storyboard;
			sourceTree = "<group>";
		};
/* End PBXVariantGroup section */

/* Begin XCBuildConfiguration section */
		AF06CE4523E561160051ABFD /* Debug */ = {
			isa = XCBuildConfiguration;
			buildSettings = {
				ALWAYS_SEARCH_USER_PATHS = NO;
				CLANG_ANALYZER_NONNULL = YES;
				CLANG_ANALYZER_NUMBER_OBJECT_CONVERSION = YES_AGGRESSIVE;
				CLANG_CXX_LANGUAGE_STANDARD = "gnu++14";
				CLANG_CXX_LIBRARY = "libc++";
				CLANG_ENABLE_MODULES = YES;
				CLANG_ENABLE_OBJC_ARC = YES;
				CLANG_ENABLE_OBJC_WEAK = YES;
				CLANG_WARN_BLOCK_CAPTURE_AUTORELEASING = YES;
				CLANG_WARN_BOOL_CONVERSION = YES;
				CLANG_WARN_COMMA = YES;
				CLANG_WARN_CONSTANT_CONVERSION = YES;
				CLANG_WARN_DEPRECATED_OBJC_IMPLEMENTATIONS = YES;
				CLANG_WARN_DIRECT_OBJC_ISA_USAGE = YES_ERROR;
				CLANG_WARN_DOCUMENTATION_COMMENTS = YES;
				CLANG_WARN_EMPTY_BODY = YES;
				CLANG_WARN_ENUM_CONVERSION = YES;
				CLANG_WARN_INFINITE_RECURSION = YES;
				CLANG_WARN_INT_CONVERSION = YES;
				CLANG_WARN_NON_LITERAL_NULL_CONVERSION = YES;
				CLANG_WARN_OBJC_IMPLICIT_RETAIN_SELF = YES;
				CLANG_WARN_OBJC_LITERAL_CONVERSION = YES;
				CLANG_WARN_OBJC_ROOT_CLASS = YES_ERROR;
				CLANG_WARN_RANGE_LOOP_ANALYSIS = YES;
				CLANG_WARN_STRICT_PROTOTYPES = YES;
				CLANG_WARN_SUSPICIOUS_MOVE = YES;
				CLANG_WARN_UNGUARDED_AVAILABILITY = YES_AGGRESSIVE;
				CLANG_WARN_UNREACHABLE_CODE = YES;
				CLANG_WARN__DUPLICATE_METHOD_MATCH = YES;
				COPY_PHASE_STRIP = NO;
				DEBUG_INFORMATION_FORMAT = dwarf;
				ENABLE_STRICT_OBJC_MSGSEND = YES;
				ENABLE_TESTABILITY = YES;
				GCC_C_LANGUAGE_STANDARD = gnu11;
				GCC_DYNAMIC_NO_PIC = NO;
				GCC_NO_COMMON_BLOCKS = YES;
				GCC_OPTIMIZATION_LEVEL = 0;
				GCC_PREPROCESSOR_DEFINITIONS = (
					"DEBUG=1",
					"$(inherited)",
				);
				GCC_WARN_64_TO_32_BIT_CONVERSION = YES;
				GCC_WARN_ABOUT_RETURN_TYPE = YES_ERROR;
				GCC_WARN_UNDECLARED_SELECTOR = YES;
				GCC_WARN_UNINITIALIZED_AUTOS = YES_AGGRESSIVE;
				GCC_WARN_UNUSED_FUNCTION = YES;
				GCC_WARN_UNUSED_VARIABLE = YES;
				IPHONEOS_DEPLOYMENT_TARGET = 13.0;
				MTL_ENABLE_DEBUG_INFO = INCLUDE_SOURCE;
				MTL_FAST_MATH = YES;
				ONLY_ACTIVE_ARCH = YES;
				SDKROOT = iphoneos;
				SWIFT_ACTIVE_COMPILATION_CONDITIONS = DEBUG;
				SWIFT_OPTIMIZATION_LEVEL = "-Onone";
			};
			name = Debug;
		};
		AF06CE4623E561160051ABFD /* Release */ = {
			isa = XCBuildConfiguration;
			buildSettings = {
				ALWAYS_SEARCH_USER_PATHS = NO;
				CLANG_ANALYZER_NONNULL = YES;
				CLANG_ANALYZER_NUMBER_OBJECT_CONVERSION = YES_AGGRESSIVE;
				CLANG_CXX_LANGUAGE_STANDARD = "gnu++14";
				CLANG_CXX_LIBRARY = "libc++";
				CLANG_ENABLE_MODULES = YES;
				CLANG_ENABLE_OBJC_ARC = YES;
				CLANG_ENABLE_OBJC_WEAK = YES;
				CLANG_WARN_BLOCK_CAPTURE_AUTORELEASING = YES;
				CLANG_WARN_BOOL_CONVERSION = YES;
				CLANG_WARN_COMMA = YES;
				CLANG_WARN_CONSTANT_CONVERSION = YES;
				CLANG_WARN_DEPRECATED_OBJC_IMPLEMENTATIONS = YES;
				CLANG_WARN_DIRECT_OBJC_ISA_USAGE = YES_ERROR;
				CLANG_WARN_DOCUMENTATION_COMMENTS = YES;
				CLANG_WARN_EMPTY_BODY = YES;
				CLANG_WARN_ENUM_CONVERSION = YES;
				CLANG_WARN_INFINITE_RECURSION = YES;
				CLANG_WARN_INT_CONVERSION = YES;
				CLANG_WARN_NON_LITERAL_NULL_CONVERSION = YES;
				CLANG_WARN_OBJC_IMPLICIT_RETAIN_SELF = YES;
				CLANG_WARN_OBJC_LITERAL_CONVERSION = YES;
				CLANG_WARN_OBJC_ROOT_CLASS = YES_ERROR;
				CLANG_WARN_RANGE_LOOP_ANALYSIS = YES;
				CLANG_WARN_STRICT_PROTOTYPES = YES;
				CLANG_WARN_SUSPICIOUS_MOVE = YES;
				CLANG_WARN_UNGUARDED_AVAILABILITY = YES_AGGRESSIVE;
				CLANG_WARN_UNREACHABLE_CODE = YES;
				CLANG_WARN__DUPLICATE_METHOD_MATCH = YES;
				COPY_PHASE_STRIP = NO;
				DEBUG_INFORMATION_FORMAT = "dwarf-with-dsym";
				ENABLE_NS_ASSERTIONS = NO;
				ENABLE_STRICT_OBJC_MSGSEND = YES;
				GCC_C_LANGUAGE_STANDARD = gnu11;
				GCC_NO_COMMON_BLOCKS = YES;
				GCC_WARN_64_TO_32_BIT_CONVERSION = YES;
				GCC_WARN_ABOUT_RETURN_TYPE = YES_ERROR;
				GCC_WARN_UNDECLARED_SELECTOR = YES;
				GCC_WARN_UNINITIALIZED_AUTOS = YES_AGGRESSIVE;
				GCC_WARN_UNUSED_FUNCTION = YES;
				GCC_WARN_UNUSED_VARIABLE = YES;
				IPHONEOS_DEPLOYMENT_TARGET = 13.0;
				MTL_ENABLE_DEBUG_INFO = NO;
				MTL_FAST_MATH = YES;
				SDKROOT = iphoneos;
				SWIFT_COMPILATION_MODE = wholemodule;
				SWIFT_OPTIMIZATION_LEVEL = "-O";
				VALIDATE_PRODUCT = YES;
			};
			name = Release;
		};
		AF06CE4823E561160051ABFD /* Debug */ = {
			isa = XCBuildConfiguration;
			baseConfigurationReference = CDA95EEA30854FF498F7D6DB /* Pods-NXSSocialManagers.debug.xcconfig */;
			buildSettings = {
				ASSETCATALOG_COMPILER_APPICON_NAME = AppIcon;
				CODE_SIGN_STYLE = Automatic;
				INFOPLIST_FILE = NXSSocialManagers/Info.plist;
				LD_RUNPATH_SEARCH_PATHS = (
					"$(inherited)",
					"@executable_path/Frameworks",
				);
				PRODUCT_BUNDLE_IDENTIFIER = com.nxs.socialmanagers;
				PRODUCT_NAME = "$(TARGET_NAME)";
				SWIFT_VERSION = 5.0;
				TARGETED_DEVICE_FAMILY = "1,2";
			};
			name = Debug;
		};
		AF06CE4923E561160051ABFD /* Release */ = {
			isa = XCBuildConfiguration;
			baseConfigurationReference = B377E09962942358102A2D02 /* Pods-NXSSocialManagers.release.xcconfig */;
			buildSettings = {
				ASSETCATALOG_COMPILER_APPICON_NAME = AppIcon;
				CODE_SIGN_STYLE = Automatic;
				INFOPLIST_FILE = NXSSocialManagers/Info.plist;
				LD_RUNPATH_SEARCH_PATHS = (
					"$(inherited)",
					"@executable_path/Frameworks",
				);
				PRODUCT_BUNDLE_IDENTIFIER = com.nxs.socialmanagers;
				PRODUCT_NAME = "$(TARGET_NAME)";
				SWIFT_VERSION = 5.0;
				TARGETED_DEVICE_FAMILY = "1,2";
			};
			name = Release;
		};
/* End XCBuildConfiguration section */

/* Begin XCConfigurationList section */
		AF06CE2E23E561110051ABFD /* Build configuration list for PBXProject "NXSSocialManagers" */ = {
			isa = XCConfigurationList;
			buildConfigurations = (
				AF06CE4523E561160051ABFD /* Debug */,
				AF06CE4623E561160051ABFD /* Release */,
			);
			defaultConfigurationIsVisible = 0;
			defaultConfigurationName = Release;
		};
		AF06CE4723E561160051ABFD /* Build configuration list for PBXNativeTarget "NXSSocialManagers" */ = {
			isa = XCConfigurationList;
			buildConfigurations = (
				AF06CE4823E561160051ABFD /* Debug */,
				AF06CE4923E561160051ABFD /* Release */,
			);
			defaultConfigurationIsVisible = 0;
			defaultConfigurationName = Release;
		};
/* End XCConfigurationList section */
	};
	rootObject = AF06CE2B23E561110051ABFD /* Project object */;
}
